// !$*UTF8*$!
{
	archiveVersion = 1;
	classes = {
	};
	objectVersion = 46;
	objects = {

/* Begin PBXBuildFile section */
		B920C5DD15FAB25400A2DAC6 /* Default-568h@2x.png in Resources */ = {isa = PBXBuildFile; fileRef = B920C5DC15FAB25400A2DAC6 /* Default-568h@2x.png */; };
		B92B557315E453690036A8A2 /* Icon-57.png in Resources */ = {isa = PBXBuildFile; fileRef = B92B557215E453690036A8A2 /* Icon-57.png */; };
		B92B557515E4536C0036A8A2 /* Icon-114.png in Resources */ = {isa = PBXBuildFile; fileRef = B92B557415E4536C0036A8A2 /* Icon-114.png */; };
		B92B557715E4541E0036A8A2 /* Icon-72.png in Resources */ = {isa = PBXBuildFile; fileRef = B92B557615E4541E0036A8A2 /* Icon-72.png */; };
		B92B557915E4545B0036A8A2 /* Icon-144.png in Resources */ = {isa = PBXBuildFile; fileRef = B92B557815E4545B0036A8A2 /* Icon-144.png */; };
		B92B557F15E457480036A8A2 /* Default-Portrait@2x~ipad.png in Resources */ = {isa = PBXBuildFile; fileRef = B92B557E15E457480036A8A2 /* Default-Portrait@2x~ipad.png */; };
		B92B558115E4574D0036A8A2 /* Default-Portrait~ipad.png in Resources */ = {isa = PBXBuildFile; fileRef = B92B558015E4574D0036A8A2 /* Default-Portrait~ipad.png */; };
		B92B559015E4621C0036A8A2 /* CoreBluetooth.framework in Frameworks */ = {isa = PBXBuildFile; fileRef = B92B558F15E4621C0036A8A2 /* CoreBluetooth.framework */; };
		B9F9161A15D5806400B3B398 /* UIKit.framework in Frameworks */ = {isa = PBXBuildFile; fileRef = B9F9161915D5806400B3B398 /* UIKit.framework */; };
		B9F9161C15D5806400B3B398 /* Foundation.framework in Frameworks */ = {isa = PBXBuildFile; fileRef = B9F9161B15D5806400B3B398 /* Foundation.framework */; };
		B9F9161E15D5806400B3B398 /* CoreGraphics.framework in Frameworks */ = {isa = PBXBuildFile; fileRef = B9F9161D15D5806400B3B398 /* CoreGraphics.framework */; };
		B9F9162415D5806400B3B398 /* InfoPlist.strings in Resources */ = {isa = PBXBuildFile; fileRef = B9F9162215D5806400B3B398 /* InfoPlist.strings */; };
		B9F9162615D5806400B3B398 /* main.m in Sources */ = {isa = PBXBuildFile; fileRef = B9F9162515D5806400B3B398 /* main.m */; };
		B9F9162A15D5806400B3B398 /* AppDelegate.m in Sources */ = {isa = PBXBuildFile; fileRef = B9F9162915D5806400B3B398 /* AppDelegate.m */; };
		B9F9163315D5806500B3B398 /* MainStoryboard_iPhone.storyboard in Resources */ = {isa = PBXBuildFile; fileRef = B9F9163115D5806500B3B398 /* MainStoryboard_iPhone.storyboard */; };
		B9F9163615D5806500B3B398 /* MainStoryboard_iPad.storyboard in Resources */ = {isa = PBXBuildFile; fileRef = B9F9163415D5806500B3B398 /* MainStoryboard_iPad.storyboard */; };
		B9F9163915D5806500B3B398 /* ViewController.m in Sources */ = {isa = PBXBuildFile; fileRef = B9F9163815D5806500B3B398 /* ViewController.m */; };
		B9F9164115D5808200B3B398 /* BTLECentralViewController.m in Sources */ = {isa = PBXBuildFile; fileRef = B9F9164015D5808200B3B398 /* BTLECentralViewController.m */; };
		B9F9164415D5808F00B3B398 /* BTLEPeripheralViewController.m in Sources */ = {isa = PBXBuildFile; fileRef = B9F9164315D5808F00B3B398 /* BTLEPeripheralViewController.m */; };
		CA1E08D51A58E8DD0038D383 /* OXAudioManager.m in Sources */ = {isa = PBXBuildFile; fileRef = CA1E08D21A58E8DD0038D383 /* OXAudioManager.m */; };
		CA1E08D61A58E8DD0038D383 /* OXAudioPlayer.m in Sources */ = {isa = PBXBuildFile; fileRef = CA1E08D41A58E8DD0038D383 /* OXAudioPlayer.m */; };
		CA1E08D81A58ED0F0038D383 /* Dizzyollie.mp3 in Resources */ = {isa = PBXBuildFile; fileRef = CA1E08D71A58ED0F0038D383 /* Dizzyollie.mp3 */; };
		CA1E08DA1A58ED1B0038D383 /* Firmware FlagGrab.mp3 in Resources */ = {isa = PBXBuildFile; fileRef = CA1E08D91A58ED1B0038D383 /* Firmware FlagGrab.mp3 */; };
		CA1E08DC1A58F2970038D383 /* AVFoundation.framework in Frameworks */ = {isa = PBXBuildFile; fileRef = CA1E08DB1A58F2970038D383 /* AVFoundation.framework */; };
		CA1E09061A597A0D0038D383 /* 0-invading.wav in Resources */ = {isa = PBXBuildFile; fileRef = CA1E08FA1A597A0D0038D383 /* 0-invading.wav */; };
		CA1E09071A597A0D0038D383 /* 1-lockdoor.wav in Resources */ = {isa = PBXBuildFile; fileRef = CA1E08FB1A597A0D0038D383 /* 1-lockdoor.wav */; };
		CA1E09081A597A0D0038D383 /* 2-goodjob.wav in Resources */ = {isa = PBXBuildFile; fileRef = CA1E08FC1A597A0D0038D383 /* 2-goodjob.wav */; };
		CA1E09091A597A0D0038D383 /* 3-listen.wav in Resources */ = {isa = PBXBuildFile; fileRef = CA1E08FD1A597A0D0038D383 /* 3-listen.wav */; };
		CA1E090A1A597A0D0038D383 /* 4-toxicgas.wav in Resources */ = {isa = PBXBuildFile; fileRef = CA1E08FE1A597A0D0038D383 /* 4-toxicgas.wav */; };
		CA1E090B1A597A0D0038D383 /* 5-goodgas.wav in Resources */ = {isa = PBXBuildFile; fileRef = CA1E08FF1A597A0D0038D383 /* 5-goodgas.wav */; };
		CA1E090C1A597A0D0038D383 /* 6-shootit1.wav in Resources */ = {isa = PBXBuildFile; fileRef = CA1E09001A597A0D0038D383 /* 6-shootit1.wav */; };
		CA1E090D1A597A0D0038D383 /* 7-shutwindow.wav in Resources */ = {isa = PBXBuildFile; fileRef = CA1E09011A597A0D0038D383 /* 7-shutwindow.wav */; };
		CA1E090E1A597A0D0038D383 /* 8-keepthemout.wav in Resources */ = {isa = PBXBuildFile; fileRef = CA1E09021A597A0D0038D383 /* 8-keepthemout.wav */; };
		CA1E090F1A597A0D0038D383 /* 9-chased.wav in Resources */ = {isa = PBXBuildFile; fileRef = CA1E09031A597A0D0038D383 /* 9-chased.wav */; };
		CA1E09101A597A0D0038D383 /* 10-safe.wav in Resources */ = {isa = PBXBuildFile; fileRef = CA1E09041A597A0D0038D383 /* 10-safe.wav */; };
		CA1E09111A597A0D0038D383 /* 11-funny.wav in Resources */ = {isa = PBXBuildFile; fileRef = CA1E09051A597A0D0038D383 /* 11-funny.wav */; };
		CA1E09141A597FD20038D383 /* ElectricalArc.wav in Resources */ = {isa = PBXBuildFile; fileRef = CA1E09131A597FD20038D383 /* ElectricalArc.wav */; };
/* End PBXBuildFile section */

/* Begin PBXFileReference section */
		B920C5DC15FAB25400A2DAC6 /* Default-568h@2x.png */ = {isa = PBXFileReference; lastKnownFileType = image.png; name = "Default-568h@2x.png"; path = "../Default-568h@2x.png"; sourceTree = "<group>"; };
		B92B557215E453690036A8A2 /* Icon-57.png */ = {isa = PBXFileReference; lastKnownFileType = image.png; name = "Icon-57.png"; path = "../Icon-57.png"; sourceTree = "<group>"; };
		B92B557415E4536C0036A8A2 /* Icon-114.png */ = {isa = PBXFileReference; lastKnownFileType = image.png; name = "Icon-114.png"; path = "../Icon-114.png"; sourceTree = "<group>"; };
		B92B557615E4541E0036A8A2 /* Icon-72.png */ = {isa = PBXFileReference; lastKnownFileType = image.png; name = "Icon-72.png"; path = "../Icon-72.png"; sourceTree = "<group>"; };
		B92B557815E4545B0036A8A2 /* Icon-144.png */ = {isa = PBXFileReference; lastKnownFileType = image.png; name = "Icon-144.png"; path = "../Icon-144.png"; sourceTree = "<group>"; };
		B92B557A15E456770036A8A2 /* Default.png */ = {isa = PBXFileReference; lastKnownFileType = image.png; name = Default.png; path = ../Default.png; sourceTree = "<group>"; };
		B92B557C15E4567F0036A8A2 /* Default@2x.png */ = {isa = PBXFileReference; lastKnownFileType = image.png; name = "Default@2x.png"; path = "../Default@2x.png"; sourceTree = "<group>"; };
		B92B557E15E457480036A8A2 /* Default-Portrait@2x~ipad.png */ = {isa = PBXFileReference; lastKnownFileType = image.png; name = "Default-Portrait@2x~ipad.png"; path = "../Default-Portrait@2x~ipad.png"; sourceTree = "<group>"; };
		B92B558015E4574D0036A8A2 /* Default-Portrait~ipad.png */ = {isa = PBXFileReference; lastKnownFileType = image.png; name = "Default-Portrait~ipad.png"; path = "../Default-Portrait~ipad.png"; sourceTree = "<group>"; };
		B92B558F15E4621C0036A8A2 /* CoreBluetooth.framework */ = {isa = PBXFileReference; lastKnownFileType = wrapper.framework; name = CoreBluetooth.framework; path = System/Library/Frameworks/CoreBluetooth.framework; sourceTree = SDKROOT; };
		B9F9161515D5806400B3B398 /* SpeakerApp.app */ = {isa = PBXFileReference; explicitFileType = wrapper.application; includeInIndex = 0; path = SpeakerApp.app; sourceTree = BUILT_PRODUCTS_DIR; };
		B9F9161915D5806400B3B398 /* UIKit.framework */ = {isa = PBXFileReference; lastKnownFileType = wrapper.framework; name = UIKit.framework; path = System/Library/Frameworks/UIKit.framework; sourceTree = SDKROOT; };
		B9F9161B15D5806400B3B398 /* Foundation.framework */ = {isa = PBXFileReference; lastKnownFileType = wrapper.framework; name = Foundation.framework; path = System/Library/Frameworks/Foundation.framework; sourceTree = SDKROOT; };
		B9F9161D15D5806400B3B398 /* CoreGraphics.framework */ = {isa = PBXFileReference; lastKnownFileType = wrapper.framework; name = CoreGraphics.framework; path = System/Library/Frameworks/CoreGraphics.framework; sourceTree = SDKROOT; };
		B9F9162115D5806400B3B398 /* SpeakerApp-Info.plist */ = {isa = PBXFileReference; lastKnownFileType = text.plist.xml; path = "SpeakerApp-Info.plist"; sourceTree = "<group>"; };
		B9F9162315D5806400B3B398 /* en */ = {isa = PBXFileReference; lastKnownFileType = text.plist.strings; name = en; path = en.lproj/InfoPlist.strings; sourceTree = "<group>"; };
		B9F9162515D5806400B3B398 /* main.m */ = {isa = PBXFileReference; lastKnownFileType = sourcecode.c.objc; path = main.m; sourceTree = "<group>"; };
		B9F9162715D5806400B3B398 /* SpeakerApp-Prefix.pch */ = {isa = PBXFileReference; lastKnownFileType = sourcecode.c.h; path = "SpeakerApp-Prefix.pch"; sourceTree = "<group>"; };
		B9F9162815D5806400B3B398 /* AppDelegate.h */ = {isa = PBXFileReference; lastKnownFileType = sourcecode.c.h; path = AppDelegate.h; sourceTree = "<group>"; };
		B9F9162915D5806400B3B398 /* AppDelegate.m */ = {isa = PBXFileReference; lastKnownFileType = sourcecode.c.objc; path = AppDelegate.m; sourceTree = "<group>"; };
		B9F9163215D5806500B3B398 /* en */ = {isa = PBXFileReference; lastKnownFileType = file.storyboard; name = en; path = en.lproj/MainStoryboard_iPhone.storyboard; sourceTree = "<group>"; };
		B9F9163515D5806500B3B398 /* en */ = {isa = PBXFileReference; lastKnownFileType = file.storyboard; name = en; path = en.lproj/MainStoryboard_iPad.storyboard; sourceTree = "<group>"; };
		B9F9163715D5806500B3B398 /* ViewController.h */ = {isa = PBXFileReference; lastKnownFileType = sourcecode.c.h; path = ViewController.h; sourceTree = "<group>"; };
		B9F9163815D5806500B3B398 /* ViewController.m */ = {isa = PBXFileReference; lastKnownFileType = sourcecode.c.objc; path = ViewController.m; sourceTree = "<group>"; };
		B9F9163F15D5808200B3B398 /* BTLECentralViewController.h */ = {isa = PBXFileReference; fileEncoding = 4; lastKnownFileType = sourcecode.c.h; path = BTLECentralViewController.h; sourceTree = "<group>"; };
		B9F9164015D5808200B3B398 /* BTLECentralViewController.m */ = {isa = PBXFileReference; fileEncoding = 4; lastKnownFileType = sourcecode.c.objc; path = BTLECentralViewController.m; sourceTree = "<group>"; };
		B9F9164215D5808F00B3B398 /* BTLEPeripheralViewController.h */ = {isa = PBXFileReference; fileEncoding = 4; lastKnownFileType = sourcecode.c.h; path = BTLEPeripheralViewController.h; sourceTree = "<group>"; };
		B9F9164315D5808F00B3B398 /* BTLEPeripheralViewController.m */ = {isa = PBXFileReference; fileEncoding = 4; lastKnownFileType = sourcecode.c.objc; path = BTLEPeripheralViewController.m; sourceTree = "<group>"; };
		B9F9164715D583E500B3B398 /* TransferService.h */ = {isa = PBXFileReference; lastKnownFileType = sourcecode.c.h; path = TransferService.h; sourceTree = "<group>"; };
		CA1E08D11A58E8DD0038D383 /* OXAudioManager.h */ = {isa = PBXFileReference; fileEncoding = 4; lastKnownFileType = sourcecode.c.h; path = OXAudioManager.h; sourceTree = "<group>"; };
		CA1E08D21A58E8DD0038D383 /* OXAudioManager.m */ = {isa = PBXFileReference; fileEncoding = 4; lastKnownFileType = sourcecode.c.objc; path = OXAudioManager.m; sourceTree = "<group>"; };
		CA1E08D31A58E8DD0038D383 /* OXAudioPlayer.h */ = {isa = PBXFileReference; fileEncoding = 4; lastKnownFileType = sourcecode.c.h; path = OXAudioPlayer.h; sourceTree = "<group>"; };
		CA1E08D41A58E8DD0038D383 /* OXAudioPlayer.m */ = {isa = PBXFileReference; fileEncoding = 4; lastKnownFileType = sourcecode.c.objc; path = OXAudioPlayer.m; sourceTree = "<group>"; };
		CA1E08D71A58ED0F0038D383 /* Dizzyollie.mp3 */ = {isa = PBXFileReference; lastKnownFileType = audio.mp3; path = Dizzyollie.mp3; sourceTree = "<group>"; };
		CA1E08D91A58ED1B0038D383 /* Firmware FlagGrab.mp3 */ = {isa = PBXFileReference; lastKnownFileType = audio.mp3; path = "Firmware FlagGrab.mp3"; sourceTree = "<group>"; };
		CA1E08DB1A58F2970038D383 /* AVFoundation.framework */ = {isa = PBXFileReference; lastKnownFileType = wrapper.framework; name = AVFoundation.framework; path = System/Library/Frameworks/AVFoundation.framework; sourceTree = SDKROOT; };
		CA1E08FA1A597A0D0038D383 /* 0-invading.wav */ = {isa = PBXFileReference; lastKnownFileType = audio.wav; name = "0-invading.wav"; path = "../../MasterApp/MasterApp/MasterApp/Sounds/0-invading.wav"; sourceTree = "<group>"; };
		CA1E08FB1A597A0D0038D383 /* 1-lockdoor.wav */ = {isa = PBXFileReference; lastKnownFileType = audio.wav; name = "1-lockdoor.wav"; path = "../../MasterApp/MasterApp/MasterApp/Sounds/1-lockdoor.wav"; sourceTree = "<group>"; };
		CA1E08FC1A597A0D0038D383 /* 2-goodjob.wav */ = {isa = PBXFileReference; lastKnownFileType = audio.wav; name = "2-goodjob.wav"; path = "../../MasterApp/MasterApp/MasterApp/Sounds/2-goodjob.wav"; sourceTree = "<group>"; };
		CA1E08FD1A597A0D0038D383 /* 3-listen.wav */ = {isa = PBXFileReference; lastKnownFileType = audio.wav; name = "3-listen.wav"; path = "../../MasterApp/MasterApp/MasterApp/Sounds/3-listen.wav"; sourceTree = "<group>"; };
		CA1E08FE1A597A0D0038D383 /* 4-toxicgas.wav */ = {isa = PBXFileReference; lastKnownFileType = audio.wav; name = "4-toxicgas.wav"; path = "../../MasterApp/MasterApp/MasterApp/Sounds/4-toxicgas.wav"; sourceTree = "<group>"; };
		CA1E08FF1A597A0D0038D383 /* 5-goodgas.wav */ = {isa = PBXFileReference; lastKnownFileType = audio.wav; name = "5-goodgas.wav"; path = "../../MasterApp/MasterApp/MasterApp/Sounds/5-goodgas.wav"; sourceTree = "<group>"; };
		CA1E09001A597A0D0038D383 /* 6-shootit1.wav */ = {isa = PBXFileReference; lastKnownFileType = audio.wav; name = "6-shootit1.wav"; path = "../../MasterApp/MasterApp/MasterApp/Sounds/6-shootit1.wav"; sourceTree = "<group>"; };
		CA1E09011A597A0D0038D383 /* 7-shutwindow.wav */ = {isa = PBXFileReference; lastKnownFileType = audio.wav; name = "7-shutwindow.wav"; path = "../../MasterApp/MasterApp/MasterApp/Sounds/7-shutwindow.wav"; sourceTree = "<group>"; };
		CA1E09021A597A0D0038D383 /* 8-keepthemout.wav */ = {isa = PBXFileReference; lastKnownFileType = audio.wav; name = "8-keepthemout.wav"; path = "../../MasterApp/MasterApp/MasterApp/Sounds/8-keepthemout.wav"; sourceTree = "<group>"; };
		CA1E09031A597A0D0038D383 /* 9-chased.wav */ = {isa = PBXFileReference; lastKnownFileType = audio.wav; name = "9-chased.wav"; path = "../../MasterApp/MasterApp/MasterApp/Sounds/9-chased.wav"; sourceTree = "<group>"; };
		CA1E09041A597A0D0038D383 /* 10-safe.wav */ = {isa = PBXFileReference; lastKnownFileType = audio.wav; name = "10-safe.wav"; path = "../../MasterApp/MasterApp/MasterApp/Sounds/10-safe.wav"; sourceTree = "<group>"; };
		CA1E09051A597A0D0038D383 /* 11-funny.wav */ = {isa = PBXFileReference; lastKnownFileType = audio.wav; name = "11-funny.wav"; path = "../../MasterApp/MasterApp/MasterApp/Sounds/11-funny.wav"; sourceTree = "<group>"; };
		CA1E09131A597FD20038D383 /* ElectricalArc.wav */ = {isa = PBXFileReference; lastKnownFileType = audio.wav; name = ElectricalArc.wav; path = ../../MasterApp/MasterApp/MasterApp/Sounds/ElectricalArc.wav; sourceTree = "<group>"; };
/* End PBXFileReference section */

/* Begin PBXFrameworksBuildPhase section */
		B9F9161215D5806400B3B398 /* Frameworks */ = {
			isa = PBXFrameworksBuildPhase;
			buildActionMask = 2147483647;
			files = (
				CA1E08DC1A58F2970038D383 /* AVFoundation.framework in Frameworks */,
				B92B559015E4621C0036A8A2 /* CoreBluetooth.framework in Frameworks */,
				B9F9161A15D5806400B3B398 /* UIKit.framework in Frameworks */,
				B9F9161C15D5806400B3B398 /* Foundation.framework in Frameworks */,
				B9F9161E15D5806400B3B398 /* CoreGraphics.framework in Frameworks */,
			);
			runOnlyForDeploymentPostprocessing = 0;
		};
/* End PBXFrameworksBuildPhase section */

/* Begin PBXGroup section */
		B9F9160A15D5806400B3B398 = {
			isa = PBXGroup;
			children = (
				B9F9161F15D5806400B3B398 /* BTLE Transfer */,
				B9F9161815D5806400B3B398 /* Frameworks */,
				B9F9161615D5806400B3B398 /* Products */,
			);
			sourceTree = "<group>";
		};
		B9F9161615D5806400B3B398 /* Products */ = {
			isa = PBXGroup;
			children = (
				B9F9161515D5806400B3B398 /* SpeakerApp.app */,
			);
			name = Products;
			sourceTree = "<group>";
		};
		B9F9161815D5806400B3B398 /* Frameworks */ = {
			isa = PBXGroup;
			children = (
				CA1E08DB1A58F2970038D383 /* AVFoundation.framework */,
				B92B558F15E4621C0036A8A2 /* CoreBluetooth.framework */,
				B9F9161915D5806400B3B398 /* UIKit.framework */,
				B9F9161B15D5806400B3B398 /* Foundation.framework */,
				B9F9161D15D5806400B3B398 /* CoreGraphics.framework */,
			);
			name = Frameworks;
			sourceTree = "<group>";
		};
		B9F9161F15D5806400B3B398 /* BTLE Transfer */ = {
			isa = PBXGroup;
			children = (
				CA1E09121A597A140038D383 /* Sounds */,
				CA1E08D11A58E8DD0038D383 /* OXAudioManager.h */,
				CA1E08D21A58E8DD0038D383 /* OXAudioManager.m */,
				CA1E08D31A58E8DD0038D383 /* OXAudioPlayer.h */,
				CA1E08D41A58E8DD0038D383 /* OXAudioPlayer.m */,
				B9F9162815D5806400B3B398 /* AppDelegate.h */,
				B9F9162915D5806400B3B398 /* AppDelegate.m */,
				B9F9163115D5806500B3B398 /* MainStoryboard_iPhone.storyboard */,
				B9F9163415D5806500B3B398 /* MainStoryboard_iPad.storyboard */,
				B9F9163715D5806500B3B398 /* ViewController.h */,
				B9F9163815D5806500B3B398 /* ViewController.m */,
				B9F9163F15D5808200B3B398 /* BTLECentralViewController.h */,
				B9F9164015D5808200B3B398 /* BTLECentralViewController.m */,
				B9F9164215D5808F00B3B398 /* BTLEPeripheralViewController.h */,
				B9F9164315D5808F00B3B398 /* BTLEPeripheralViewController.m */,
				B9F9164715D583E500B3B398 /* TransferService.h */,
				B9F9162015D5806400B3B398 /* Supporting Files */,
			);
			path = "BTLE Transfer";
			sourceTree = "<group>";
		};
		B9F9162015D5806400B3B398 /* Supporting Files */ = {
			isa = PBXGroup;
			children = (
				B920C5DC15FAB25400A2DAC6 /* Default-568h@2x.png */,
				B92B558015E4574D0036A8A2 /* Default-Portrait~ipad.png */,
				B92B557E15E457480036A8A2 /* Default-Portrait@2x~ipad.png */,
				B92B557C15E4567F0036A8A2 /* Default@2x.png */,
				B92B557A15E456770036A8A2 /* Default.png */,
				B92B557815E4545B0036A8A2 /* Icon-144.png */,
				B92B557615E4541E0036A8A2 /* Icon-72.png */,
				B92B557415E4536C0036A8A2 /* Icon-114.png */,
				B92B557215E453690036A8A2 /* Icon-57.png */,
				B9F9162115D5806400B3B398 /* SpeakerApp-Info.plist */,
				B9F9162215D5806400B3B398 /* InfoPlist.strings */,
				B9F9162515D5806400B3B398 /* main.m */,
				B9F9162715D5806400B3B398 /* SpeakerApp-Prefix.pch */,
			);
			name = "Supporting Files";
			sourceTree = "<group>";
		};
		CA1E09121A597A140038D383 /* Sounds */ = {
			isa = PBXGroup;
			children = (
				CA1E09131A597FD20038D383 /* ElectricalArc.wav */,
				CA1E08D91A58ED1B0038D383 /* Firmware FlagGrab.mp3 */,
				CA1E08D71A58ED0F0038D383 /* Dizzyollie.mp3 */,
				CA1E08FA1A597A0D0038D383 /* 0-invading.wav */,
				CA1E08FB1A597A0D0038D383 /* 1-lockdoor.wav */,
				CA1E08FC1A597A0D0038D383 /* 2-goodjob.wav */,
				CA1E08FD1A597A0D0038D383 /* 3-listen.wav */,
				CA1E08FE1A597A0D0038D383 /* 4-toxicgas.wav */,
				CA1E08FF1A597A0D0038D383 /* 5-goodgas.wav */,
				CA1E09001A597A0D0038D383 /* 6-shootit1.wav */,
				CA1E09011A597A0D0038D383 /* 7-shutwindow.wav */,
				CA1E09021A597A0D0038D383 /* 8-keepthemout.wav */,
				CA1E09031A597A0D0038D383 /* 9-chased.wav */,
				CA1E09041A597A0D0038D383 /* 10-safe.wav */,
				CA1E09051A597A0D0038D383 /* 11-funny.wav */,
			);
			name = Sounds;
			sourceTree = "<group>";
		};
/* End PBXGroup section */

/* Begin PBXNativeTarget section */
		B9F9161415D5806400B3B398 /* SpeakerApp */ = {
			isa = PBXNativeTarget;
			buildConfigurationList = B9F9163C15D5806500B3B398 /* Build configuration list for PBXNativeTarget "SpeakerApp" */;
			buildPhases = (
				B9F9161115D5806400B3B398 /* Sources */,
				B9F9161215D5806400B3B398 /* Frameworks */,
				B9F9161315D5806400B3B398 /* Resources */,
			);
			buildRules = (
			);
			dependencies = (
			);
			name = SpeakerApp;
			productName = "LE Transfer";
			productReference = B9F9161515D5806400B3B398 /* SpeakerApp.app */;
			productType = "com.apple.product-type.application";
		};
/* End PBXNativeTarget section */

/* Begin PBXProject section */
		B9F9160C15D5806400B3B398 /* Project object */ = {
			isa = PBXProject;
			attributes = {
				LastUpgradeCheck = 0450;
				ORGANIZATIONNAME = Apple;
				TargetAttributes = {
					B9F9161415D5806400B3B398 = {
						DevelopmentTeam = U92PM5JGJC;
					};
				};
			};
			buildConfigurationList = B9F9160F15D5806400B3B398 /* Build configuration list for PBXProject "SpeakerApp" */;
			compatibilityVersion = "Xcode 3.2";
			developmentRegion = English;
			hasScannedForEncodings = 0;
			knownRegions = (
				en,
			);
			mainGroup = B9F9160A15D5806400B3B398;
			productRefGroup = B9F9161615D5806400B3B398 /* Products */;
			projectDirPath = "";
			projectRoot = "";
			targets = (
				B9F9161415D5806400B3B398 /* SpeakerApp */,
			);
		};
/* End PBXProject section */

/* Begin PBXResourcesBuildPhase section */
		B9F9161315D5806400B3B398 /* Resources */ = {
			isa = PBXResourcesBuildPhase;
			buildActionMask = 2147483647;
			files = (
				CA1E09061A597A0D0038D383 /* 0-invading.wav in Resources */,
				CA1E090C1A597A0D0038D383 /* 6-shootit1.wav in Resources */,
				B9F9162415D5806400B3B398 /* InfoPlist.strings in Resources */,
				B9F9163315D5806500B3B398 /* MainStoryboard_iPhone.storyboard in Resources */,
				CA1E09101A597A0D0038D383 /* 10-safe.wav in Resources */,
				CA1E09141A597FD20038D383 /* ElectricalArc.wav in Resources */,
				CA1E09071A597A0D0038D383 /* 1-lockdoor.wav in Resources */,
				CA1E08DA1A58ED1B0038D383 /* Firmware FlagGrab.mp3 in Resources */,
				B9F9163615D5806500B3B398 /* MainStoryboard_iPad.storyboard in Resources */,
				CA1E08D81A58ED0F0038D383 /* Dizzyollie.mp3 in Resources */,
				CA1E09091A597A0D0038D383 /* 3-listen.wav in Resources */,
				CA1E09081A597A0D0038D383 /* 2-goodjob.wav in Resources */,
				B92B557315E453690036A8A2 /* Icon-57.png in Resources */,
				B92B557515E4536C0036A8A2 /* Icon-114.png in Resources */,
				CA1E090F1A597A0D0038D383 /* 9-chased.wav in Resources */,
				CA1E090D1A597A0D0038D383 /* 7-shutwindow.wav in Resources */,
				B92B557715E4541E0036A8A2 /* Icon-72.png in Resources */,
				CA1E090A1A597A0D0038D383 /* 4-toxicgas.wav in Resources */,
				B92B557915E4545B0036A8A2 /* Icon-144.png in Resources */,
				B92B557F15E457480036A8A2 /* Default-Portrait@2x~ipad.png in Resources */,
				B92B558115E4574D0036A8A2 /* Default-Portrait~ipad.png in Resources */,
				CA1E090E1A597A0D0038D383 /* 8-keepthemout.wav in Resources */,
				B920C5DD15FAB25400A2DAC6 /* Default-568h@2x.png in Resources */,
				CA1E090B1A597A0D0038D383 /* 5-goodgas.wav in Resources */,
				CA1E09111A597A0D0038D383 /* 11-funny.wav in Resources */,
			);
			runOnlyForDeploymentPostprocessing = 0;
		};
/* End PBXResourcesBuildPhase section */

/* Begin PBXSourcesBuildPhase section */
		B9F9161115D5806400B3B398 /* Sources */ = {
			isa = PBXSourcesBuildPhase;
			buildActionMask = 2147483647;
			files = (
				B9F9162615D5806400B3B398 /* main.m in Sources */,
				B9F9162A15D5806400B3B398 /* AppDelegate.m in Sources */,
				B9F9163915D5806500B3B398 /* ViewController.m in Sources */,
				CA1E08D51A58E8DD0038D383 /* OXAudioManager.m in Sources */,
				B9F9164115D5808200B3B398 /* BTLECentralViewController.m in Sources */,
				B9F9164415D5808F00B3B398 /* BTLEPeripheralViewController.m in Sources */,
				CA1E08D61A58E8DD0038D383 /* OXAudioPlayer.m in Sources */,
			);
			runOnlyForDeploymentPostprocessing = 0;
		};
/* End PBXSourcesBuildPhase section */

/* Begin PBXVariantGroup section */
		B9F9162215D5806400B3B398 /* InfoPlist.strings */ = {
			isa = PBXVariantGroup;
			children = (
				B9F9162315D5806400B3B398 /* en */,
			);
			name = InfoPlist.strings;
			sourceTree = "<group>";
		};
		B9F9163115D5806500B3B398 /* MainStoryboard_iPhone.storyboard */ = {
			isa = PBXVariantGroup;
			children = (
				B9F9163215D5806500B3B398 /* en */,
			);
			name = MainStoryboard_iPhone.storyboard;
			sourceTree = "<group>";
		};
		B9F9163415D5806500B3B398 /* MainStoryboard_iPad.storyboard */ = {
			isa = PBXVariantGroup;
			children = (
				B9F9163515D5806500B3B398 /* en */,
			);
			name = MainStoryboard_iPad.storyboard;
			sourceTree = "<group>";
		};
/* End PBXVariantGroup section */

/* Begin XCBuildConfiguration section */
		B9F9163A15D5806500B3B398 /* Debug */ = {
			isa = XCBuildConfiguration;
			buildSettings = {
				ALWAYS_SEARCH_USER_PATHS = NO;
				CLANG_CXX_LANGUAGE_STANDARD = "gnu++0x";
				CLANG_CXX_LIBRARY = "libc++";
				CLANG_WARN_EMPTY_BODY = YES;
				CLANG_WARN__DUPLICATE_METHOD_MATCH = YES;
				"CODE_SIGN_IDENTITY[sdk=iphoneos*]" = "iPhone Developer";
				COPY_PHASE_STRIP = NO;
				GCC_C_LANGUAGE_STANDARD = gnu99;
				GCC_DYNAMIC_NO_PIC = NO;
				GCC_OPTIMIZATION_LEVEL = 0;
				GCC_PREPROCESSOR_DEFINITIONS = (
					"DEBUG=1",
					"$(inherited)",
				);
				GCC_SYMBOLS_PRIVATE_EXTERN = NO;
				GCC_WARN_ABOUT_RETURN_TYPE = YES;
				GCC_WARN_UNINITIALIZED_AUTOS = YES;
				GCC_WARN_UNUSED_VARIABLE = YES;
				IPHONEOS_DEPLOYMENT_TARGET = 6.0;
				SDKROOT = iphoneos;
				TARGETED_DEVICE_FAMILY = "1,2";
			};
			name = Debug;
		};
		B9F9163B15D5806500B3B398 /* Release */ = {
			isa = XCBuildConfiguration;
			buildSettings = {
				ALWAYS_SEARCH_USER_PATHS = NO;
				CLANG_CXX_LANGUAGE_STANDARD = "gnu++0x";
				CLANG_CXX_LIBRARY = "libc++";
				CLANG_WARN_EMPTY_BODY = YES;
				CLANG_WARN__DUPLICATE_METHOD_MATCH = YES;
				"CODE_SIGN_IDENTITY[sdk=iphoneos*]" = "iPhone Developer";
				COPY_PHASE_STRIP = YES;
				GCC_C_LANGUAGE_STANDARD = gnu99;
				GCC_WARN_ABOUT_RETURN_TYPE = YES;
				GCC_WARN_UNINITIALIZED_AUTOS = YES;
				GCC_WARN_UNUSED_VARIABLE = YES;
				IPHONEOS_DEPLOYMENT_TARGET = 6.0;
				OTHER_CFLAGS = "-DNS_BLOCK_ASSERTIONS=1";
				SDKROOT = iphoneos;
				TARGETED_DEVICE_FAMILY = "1,2";
				VALIDATE_PRODUCT = YES;
			};
			name = Release;
		};
		B9F9163D15D5806500B3B398 /* Debug */ = {
			isa = XCBuildConfiguration;
			buildSettings = {
				CLANG_ENABLE_OBJC_ARC = YES;
				CLANG_WARN_OBJCPP_ARC_ABI = YES;
				CODE_SIGN_IDENTITY = "iPhone Developer";
				"CODE_SIGN_IDENTITY[sdk=iphoneos*]" = "iPhone Developer";
				GCC_PRECOMPILE_PREFIX_HEADER = YES;
				GCC_PREFIX_HEADER = "BTLE Transfer/SpeakerApp-Prefix.pch";
				INFOPLIST_FILE = "BTLE Transfer/SpeakerApp-Info.plist";
				PRODUCT_NAME = SpeakerApp;
				PROVISIONING_PROFILE = "";
				SDKROOT = iphoneos;
				WRAPPER_EXTENSION = app;
			};
			name = Debug;
		};
		B9F9163E15D5806500B3B398 /* Release */ = {
			isa = XCBuildConfiguration;
			buildSettings = {
				CLANG_ENABLE_OBJC_ARC = YES;
				CLANG_WARN_OBJCPP_ARC_ABI = YES;
				CODE_SIGN_IDENTITY = "iPhone Developer";
				"CODE_SIGN_IDENTITY[sdk=iphoneos*]" = "iPhone Developer";
				GCC_PRECOMPILE_PREFIX_HEADER = YES;
				GCC_PREFIX_HEADER = "BTLE Transfer/SpeakerApp-Prefix.pch";
				INFOPLIST_FILE = "BTLE Transfer/SpeakerApp-Info.plist";
				PRODUCT_NAME = SpeakerApp;
				PROVISIONING_PROFILE = "";
				SDKROOT = iphoneos;
				WRAPPER_EXTENSION = app;
			};
			name = Release;
		};
/* End XCBuildConfiguration section */

/* Begin XCConfigurationList section */
		B9F9160F15D5806400B3B398 /* Build configuration list for PBXProject "SpeakerApp" */ = {
			isa = XCConfigurationList;
			buildConfigurations = (
				B9F9163A15D5806500B3B398 /* Debug */,
				B9F9163B15D5806500B3B398 /* Release */,
			);
			defaultConfigurationIsVisible = 0;
			defaultConfigurationName = Release;
		};
		B9F9163C15D5806500B3B398 /* Build configuration list for PBXNativeTarget "SpeakerApp" */ = {
			isa = XCConfigurationList;
			buildConfigurations = (
				B9F9163D15D5806500B3B398 /* Debug */,
				B9F9163E15D5806500B3B398 /* Release */,
			);
			defaultConfigurationIsVisible = 0;
			defaultConfigurationName = Release;
		};
/* End XCConfigurationList section */
	};
	rootObject = B9F9160C15D5806400B3B398 /* Project object */;
}
